// !$*UTF8*$!
{
	archiveVersion = 1;
	classes = {
	};
	objectVersion = 46;
	objects = {

/* Begin PBXBuildFile section */
		7F7C739C1F560CAB00C254A8 /* AppDelegate.swift in Sources */ = {isa = PBXBuildFile; fileRef = 7F7C739B1F560CAB00C254A8 /* AppDelegate.swift */; };
		7F7C739E1F560CAB00C254A8 /* ViewController.swift in Sources */ = {isa = PBXBuildFile; fileRef = 7F7C739D1F560CAB00C254A8 /* ViewController.swift */; };
		7F7C73A11F560CAB00C254A8 /* Main.storyboard in Resources */ = {isa = PBXBuildFile; fileRef = 7F7C739F1F560CAB00C254A8 /* Main.storyboard */; };
		7F7C73A31F560CAB00C254A8 /* Assets.xcassets in Resources */ = {isa = PBXBuildFile; fileRef = 7F7C73A21F560CAB00C254A8 /* Assets.xcassets */; };
		7F7C73A61F560CAB00C254A8 /* LaunchScreen.storyboard in Resources */ = {isa = PBXBuildFile; fileRef = 7F7C73A41F560CAB00C254A8 /* LaunchScreen.storyboard */; };
		7F7C73B11F560CAB00C254A8 /* MiraclePillsTests.swift in Sources */ = {isa = PBXBuildFile; fileRef = 7F7C73B01F560CAB00C254A8 /* MiraclePillsTests.swift */; };
		7F7C73BC1F560CAB00C254A8 /* MiraclePillsUITests.swift in Sources */ = {isa = PBXBuildFile; fileRef = 7F7C73BB1F560CAB00C254A8 /* MiraclePillsUITests.swift */; };
/* End PBXBuildFile section */

/* Begin PBXContainerItemProxy section */
		7F7C73AD1F560CAB00C254A8 /* PBXContainerItemProxy */ = {
			isa = PBXContainerItemProxy;
			containerPortal = 7F7C73901F560CAB00C254A8 /* Project object */;
			proxyType = 1;
			remoteGlobalIDString = 7F7C73971F560CAB00C254A8;
			remoteInfo = MiraclePills;
		};
		7F7C73B81F560CAB00C254A8 /* PBXContainerItemProxy */ = {
			isa = PBXContainerItemProxy;
			containerPortal = 7F7C73901F560CAB00C254A8 /* Project object */;
			proxyType = 1;
			remoteGlobalIDString = 7F7C73971F560CAB00C254A8;
			remoteInfo = MiraclePills;
		};
/* End PBXContainerItemProxy section */

/* Begin PBXFileReference section */
		7F7C73981F560CAB00C254A8 /* MiraclePills.app */ = {isa = PBXFileReference; explicitFileType = wrapper.application; includeInIndex = 0; path = MiraclePills.app; sourceTree = BUILT_PRODUCTS_DIR; };
		7F7C739B1F560CAB00C254A8 /* AppDelegate.swift */ = {isa = PBXFileReference; lastKnownFileType = sourcecode.swift; path = AppDelegate.swift; sourceTree = "<group>"; };
		7F7C739D1F560CAB00C254A8 /* ViewController.swift */ = {isa = PBXFileReference; lastKnownFileType = sourcecode.swift; path = ViewController.swift; sourceTree = "<group>"; };
		7F7C73A01F560CAB00C254A8 /* Base */ = {isa = PBXFileReference; lastKnownFileType = file.storyboard; name = Base; path = Base.lproj/Main.storyboard; sourceTree = "<group>"; };
		7F7C73A21F560CAB00C254A8 /* Assets.xcassets */ = {isa = PBXFileReference; lastKnownFileType = folder.assetcatalog; path = Assets.xcassets; sourceTree = "<group>"; };
		7F7C73A51F560CAB00C254A8 /* Base */ = {isa = PBXFileReference; lastKnownFileType = file.storyboard; name = Base; path = Base.lproj/LaunchScreen.storyboard; sourceTree = "<group>"; };
		7F7C73A71F560CAB00C254A8 /* Info.plist */ = {isa = PBXFileReference; lastKnownFileType = text.plist.xml; path = Info.plist; sourceTree = "<group>"; };
		7F7C73AC1F560CAB00C254A8 /* MiraclePillsTests.xctest */ = {isa = PBXFileReference; explicitFileType = wrapper.cfbundle; includeInIndex = 0; path = MiraclePillsTests.xctest; sourceTree = BUILT_PRODUCTS_DIR; };
		7F7C73B01F560CAB00C254A8 /* MiraclePillsTests.swift */ = {isa = PBXFileReference; lastKnownFileType = sourcecode.swift; path = MiraclePillsTests.swift; sourceTree = "<group>"; };
		7F7C73B21F560CAB00C254A8 /* Info.plist */ = {isa = PBXFileReference; lastKnownFileType = text.plist.xml; path = Info.plist; sourceTree = "<group>"; };
		7F7C73B71F560CAB00C254A8 /* MiraclePillsUITests.xctest */ = {isa = PBXFileReference; explicitFileType = wrapper.cfbundle; includeInIndex = 0; path = MiraclePillsUITests.xctest; sourceTree = BUILT_PRODUCTS_DIR; };
		7F7C73BB1F560CAB00C254A8 /* MiraclePillsUITests.swift */ = {isa = PBXFileReference; lastKnownFileType = sourcecode.swift; path = MiraclePillsUITests.swift; sourceTree = "<group>"; };
		7F7C73BD1F560CAB00C254A8 /* Info.plist */ = {isa = PBXFileReference; lastKnownFileType = text.plist.xml; path = Info.plist; sourceTree = "<group>"; };
/* End PBXFileReference section */

/* Begin PBXFrameworksBuildPhase section */
		7F7C73951F560CAB00C254A8 /* Frameworks */ = {
			isa = PBXFrameworksBuildPhase;
			buildActionMask = 2147483647;
			files = (
			);
			runOnlyForDeploymentPostprocessing = 0;
		};
		7F7C73A91F560CAB00C254A8 /* Frameworks */ = {
			isa = PBXFrameworksBuildPhase;
			buildActionMask = 2147483647;
			files = (
			);
			runOnlyForDeploymentPostprocessing = 0;
		};
		7F7C73B41F560CAB00C254A8 /* Frameworks */ = {
			isa = PBXFrameworksBuildPhase;
			buildActionMask = 2147483647;
			files = (
			);
			runOnlyForDeploymentPostprocessing = 0;
		};
/* End PBXFrameworksBuildPhase section */

/* Begin PBXGroup section */
		7F7C738F1F560CAB00C254A8 = {
			isa = PBXGroup;
			children = (
				7F7C739A1F560CAB00C254A8 /* MiraclePills */,
				7F7C73AF1F560CAB00C254A8 /* MiraclePillsTests */,
				7F7C73BA1F560CAB00C254A8 /* MiraclePillsUITests */,
				7F7C73991F560CAB00C254A8 /* Products */,
			);
			sourceTree = "<group>";
		};
		7F7C73991F560CAB00C254A8 /* Products */ = {
			isa = PBXGroup;
			children = (
				7F7C73981F560CAB00C254A8 /* MiraclePills.app */,
				7F7C73AC1F560CAB00C254A8 /* MiraclePillsTests.xctest */,
				7F7C73B71F560CAB00C254A8 /* MiraclePillsUITests.xctest */,
			);
			name = Products;
			sourceTree = "<group>";
		};
		7F7C739A1F560CAB00C254A8 /* MiraclePills */ = {
			isa = PBXGroup;
			children = (
				7F7C739B1F560CAB00C254A8 /* AppDelegate.swift */,
				7F7C739D1F560CAB00C254A8 /* ViewController.swift */,
				7F7C739F1F560CAB00C254A8 /* Main.storyboard */,
				7F7C73A21F560CAB00C254A8 /* Assets.xcassets */,
				7F7C73A41F560CAB00C254A8 /* LaunchScreen.storyboard */,
				7F7C73A71F560CAB00C254A8 /* Info.plist */,
			);
			path = MiraclePills;
			sourceTree = "<group>";
		};
		7F7C73AF1F560CAB00C254A8 /* MiraclePillsTests */ = {
			isa = PBXGroup;
			children = (
				7F7C73B01F560CAB00C254A8 /* MiraclePillsTests.swift */,
				7F7C73B21F560CAB00C254A8 /* Info.plist */,
			);
			path = MiraclePillsTests;
			sourceTree = "<group>";
		};
		7F7C73BA1F560CAB00C254A8 /* MiraclePillsUITests */ = {
			isa = PBXGroup;
			children = (
				7F7C73BB1F560CAB00C254A8 /* MiraclePillsUITests.swift */,
				7F7C73BD1F560CAB00C254A8 /* Info.plist */,
			);
			path = MiraclePillsUITests;
			sourceTree = "<group>";
		};
/* End PBXGroup section */

/* Begin PBXNativeTarget section */
		7F7C73971F560CAB00C254A8 /* MiraclePills */ = {
			isa = PBXNativeTarget;
			buildConfigurationList = 7F7C73C01F560CAB00C254A8 /* Build configuration list for PBXNativeTarget "MiraclePills" */;
			buildPhases = (
				7F7C73941F560CAB00C254A8 /* Sources */,
				7F7C73951F560CAB00C254A8 /* Frameworks */,
				7F7C73961F560CAB00C254A8 /* Resources */,
			);
			buildRules = (
			);
			dependencies = (
			);
			name = MiraclePills;
			productName = MiraclePills;
			productReference = 7F7C73981F560CAB00C254A8 /* MiraclePills.app */;
			productType = "com.apple.product-type.application";
		};
		7F7C73AB1F560CAB00C254A8 /* MiraclePillsTests */ = {
			isa = PBXNativeTarget;
			buildConfigurationList = 7F7C73C31F560CAB00C254A8 /* Build configuration list for PBXNativeTarget "MiraclePillsTests" */;
			buildPhases = (
				7F7C73A81F560CAB00C254A8 /* Sources */,
				7F7C73A91F560CAB00C254A8 /* Frameworks */,
				7F7C73AA1F560CAB00C254A8 /* Resources */,
			);
			buildRules = (
			);
			dependencies = (
				7F7C73AE1F560CAB00C254A8 /* PBXTargetDependency */,
			);
			name = MiraclePillsTests;
			productName = MiraclePillsTests;
			productReference = 7F7C73AC1F560CAB00C254A8 /* MiraclePillsTests.xctest */;
			productType = "com.apple.product-type.bundle.unit-test";
		};
		7F7C73B61F560CAB00C254A8 /* MiraclePillsUITests */ = {
			isa = PBXNativeTarget;
			buildConfigurationList = 7F7C73C61F560CAB00C254A8 /* Build configuration list for PBXNativeTarget "MiraclePillsUITests" */;
			buildPhases = (
				7F7C73B31F560CAB00C254A8 /* Sources */,
				7F7C73B41F560CAB00C254A8 /* Frameworks */,
				7F7C73B51F560CAB00C254A8 /* Resources */,
			);
			buildRules = (
			);
			dependencies = (
				7F7C73B91F560CAB00C254A8 /* PBXTargetDependency */,
			);
			name = MiraclePillsUITests;
			productName = MiraclePillsUITests;
			productReference = 7F7C73B71F560CAB00C254A8 /* MiraclePillsUITests.xctest */;
			productType = "com.apple.product-type.bundle.ui-testing";
		};
/* End PBXNativeTarget section */

/* Begin PBXProject section */
		7F7C73901F560CAB00C254A8 /* Project object */ = {
			isa = PBXProject;
			attributes = {
				LastSwiftUpdateCheck = 0820;
				LastUpgradeCheck = 0820;
				ORGANIZATIONNAME = Devslopes;
				TargetAttributes = {
					7F7C73971F560CAB00C254A8 = {
						CreatedOnToolsVersion = 8.2.1;
						ProvisioningStyle = Automatic;
					};
					7F7C73AB1F560CAB00C254A8 = {
						CreatedOnToolsVersion = 8.2.1;
						ProvisioningStyle = Automatic;
						TestTargetID = 7F7C73971F560CAB00C254A8;
					};
					7F7C73B61F560CAB00C254A8 = {
						CreatedOnToolsVersion = 8.2.1;
						ProvisioningStyle = Automatic;
						TestTargetID = 7F7C73971F560CAB00C254A8;
					};
				};
			};
			buildConfigurationList = 7F7C73931F560CAB00C254A8 /* Build configuration list for PBXProject "MiraclePills" */;
			compatibilityVersion = "Xcode 3.2";
			developmentRegion = English;
			hasScannedForEncodings = 0;
			knownRegions = (
				en,
				Base,
			);
			mainGroup = 7F7C738F1F560CAB00C254A8;
			productRefGroup = 7F7C73991F560CAB00C254A8 /* Products */;
			projectDirPath = "";
			projectRoot = "";
			targets = (
				7F7C73971F560CAB00C254A8 /* MiraclePills */,
				7F7C73AB1F560CAB00C254A8 /* MiraclePillsTests */,
				7F7C73B61F560CAB00C254A8 /* MiraclePillsUITests */,
			);
		};
/* End PBXProject section */

/* Begin PBXResourcesBuildPhase section */
		7F7C73961F560CAB00C254A8 /* Resources */ = {
			isa = PBXResourcesBuildPhase;
			buildActionMask = 2147483647;
			files = (
				7F7C73A61F560CAB00C254A8 /* LaunchScreen.storyboard in Resources */,
				7F7C73A31F560CAB00C254A8 /* Assets.xcassets in Resources */,
				7F7C73A11F560CAB00C254A8 /* Main.storyboard in Resources */,
			);
			runOnlyForDeploymentPostprocessing = 0;
		};
		7F7C73AA1F560CAB00C254A8 /* Resources */ = {
			isa = PBXResourcesBuildPhase;
			buildActionMask = 2147483647;
			files = (
			);
			runOnlyForDeploymentPostprocessing = 0;
		};
		7F7C73B51F560CAB00C254A8 /* Resources */ = {
			isa = PBXResourcesBuildPhase;
			buildActionMask = 2147483647;
			files = (
			);
			runOnlyForDeploymentPostprocessing = 0;
		};
/* End PBXResourcesBuildPhase section */

/* Begin PBXSourcesBuildPhase section */
		7F7C73941F560CAB00C254A8 /* Sources */ = {
			isa = PBXSourcesBuildPhase;
			buildActionMask = 2147483647;
			files = (
				7F7C739E1F560CAB00C254A8 /* ViewController.swift in Sources */,
				7F7C739C1F560CAB00C254A8 /* AppDelegate.swift in Sources */,
			);
			runOnlyForDeploymentPostprocessing = 0;
		};
		7F7C73A81F560CAB00C254A8 /* Sources */ = {
			isa = PBXSourcesBuildPhase;
			buildActionMask = 2147483647;
			files = (
				7F7C73B11F560CAB00C254A8 /* MiraclePillsTests.swift in Sources */,
			);
			runOnlyForDeploymentPostprocessing = 0;
		};
		7F7C73B31F560CAB00C254A8 /* Sources */ = {
			isa = PBXSourcesBuildPhase;
			buildActionMask = 2147483647;
			files = (
				7F7C73BC1F560CAB00C254A8 /* MiraclePillsUITests.swift in Sources */,
			);
			runOnlyForDeploymentPostprocessing = 0;
		};
/* End PBXSourcesBuildPhase section */

/* Begin PBXTargetDependency section */
		7F7C73AE1F560CAB00C254A8 /* PBXTargetDependency */ = {
			isa = PBXTargetDependency;
			target = 7F7C73971F560CAB00C254A8 /* MiraclePills */;
			targetProxy = 7F7C73AD1F560CAB00C254A8 /* PBXContainerItemProxy */;
		};
		7F7C73B91F560CAB00C254A8 /* PBXTargetDependency */ = {
			isa = PBXTargetDependency;
			target = 7F7C73971F560CAB00C254A8 /* MiraclePills */;
			targetProxy = 7F7C73B81F560CAB00C254A8 /* PBXContainerItemProxy */;
		};
/* End PBXTargetDependency section */

/* Begin PBXVariantGroup section */
		7F7C739F1F560CAB00C254A8 /* Main.storyboard */ = {
			isa = PBXVariantGroup;
			children = (
				7F7C73A01F560CAB00C254A8 /* Base */,
			);
			name = Main.storyboard;
			sourceTree = "<group>";
		};
		7F7C73A41F560CAB00C254A8 /* LaunchScreen.storyboard */ = {
			isa = PBXVariantGroup;
			children = (
				7F7C73A51F560CAB00C254A8 /* Base */,
			);
			name = LaunchScreen.storyboard;
			sourceTree = "<group>";
		};
/* End PBXVariantGroup section */

/* Begin XCBuildConfiguration section */
		7F7C73BE1F560CAB00C254A8 /* Debug */ = {
			isa = XCBuildConfiguration;
			buildSettings = {
				ALWAYS_SEARCH_USER_PATHS = NO;
				CLANG_ANALYZER_NONNULL = YES;
				CLANG_CXX_LANGUAGE_STANDARD = "gnu++0x";
				CLANG_CXX_LIBRARY = "libc++";
				CLANG_ENABLE_MODULES = YES;
				CLANG_ENABLE_OBJC_ARC = YES;
				CLANG_WARN_BOOL_CONVERSION = YES;
				CLANG_WARN_CONSTANT_CONVERSION = YES;
				CLANG_WARN_DIRECT_OBJC_ISA_USAGE = YES_ERROR;
				CLANG_WARN_DOCUMENTATION_COMMENTS = YES;
				CLANG_WARN_EMPTY_BODY = YES;
				CLANG_WARN_ENUM_CONVERSION = YES;
				CLANG_WARN_INFINITE_RECURSION = YES;
				CLANG_WARN_INT_CONVERSION = YES;
				CLANG_WARN_OBJC_ROOT_CLASS = YES_ERROR;
				CLANG_WARN_SUSPICIOUS_MOVE = YES;
				CLANG_WARN_UNREACHABLE_CODE = YES;
				CLANG_WARN__DUPLICATE_METHOD_MATCH = YES;
				"CODE_SIGN_IDENTITY[sdk=iphoneos*]" = "iPhone Developer";
				COPY_PHASE_STRIP = NO;
				DEBUG_INFORMATION_FORMAT = dwarf;
				ENABLE_STRICT_OBJC_MSGSEND = YES;
				ENABLE_TESTABILITY = YES;
				GCC_C_LANGUAGE_STANDARD = gnu99;
				GCC_DYNAMIC_NO_PIC = NO;
				GCC_NO_COMMON_BLOCKS = YES;
				GCC_OPTIMIZATION_LEVEL = 0;
				GCC_PREPROCESSOR_DEFINITIONS = (
					"DEBUG=1",
					"$(inherited)",
				);
				GCC_WARN_64_TO_32_BIT_CONVERSION = YES;
				GCC_WARN_ABOUT_RETURN_TYPE = YES_ERROR;
				GCC_WARN_UNDECLARED_SELECTOR = YES;
				GCC_WARN_UNINITIALIZED_AUTOS = YES_AGGRESSIVE;
				GCC_WARN_UNUSED_FUNCTION = YES;
				GCC_WARN_UNUSED_VARIABLE = YES;
				IPHONEOS_DEPLOYMENT_TARGET = 10.2;
				MTL_ENABLE_DEBUG_INFO = YES;
				ONLY_ACTIVE_ARCH = YES;
				SDKROOT = iphoneos;
				SWIFT_ACTIVE_COMPILATION_CONDITIONS = DEBUG;
				SWIFT_OPTIMIZATION_LEVEL = "-Onone";
				TARGETED_DEVICE_FAMILY = "1,2";
			};
			name = Debug;
		};
		7F7C73BF1F560CAB00C254A8 /* Release */ = {
			isa = XCBuildConfiguration;
			buildSettings = {
				ALWAYS_SEARCH_USER_PATHS = NO;
				CLANG_ANALYZER_NONNULL = YES;
				CLANG_CXX_LANGUAGE_STANDARD = "gnu++0x";
				CLANG_CXX_LIBRARY = "libc++";
				CLANG_ENABLE_MODULES = YES;
				CLANG_ENABLE_OBJC_ARC = YES;
				CLANG_WARN_BOOL_CONVERSION = YES;
				CLANG_WARN_CONSTANT_CONVERSION = YES;
				CLANG_WARN_DIRECT_OBJC_ISA_USAGE = YES_ERROR;
				CLANG_WARN_DOCUMENTATION_COMMENTS = YES;
				CLANG_WARN_EMPTY_BODY = YES;
				CLANG_WARN_ENUM_CONVERSION = YES;
				CLANG_WARN_INFINITE_RECURSION = YES;
				CLANG_WARN_INT_CONVERSION = YES;
				CLANG_WARN_OBJC_ROOT_CLASS = YES_ERROR;
				CLANG_WARN_SUSPICIOUS_MOVE = YES;
				CLANG_WARN_UNREACHABLE_CODE = YES;
				CLANG_WARN__DUPLICATE_METHOD_MATCH = YES;
				"CODE_SIGN_IDENTITY[sdk=iphoneos*]" = "iPhone Developer";
				COPY_PHASE_STRIP = NO;
				DEBUG_INFORMATION_FORMAT = "dwarf-with-dsym";
				ENABLE_NS_ASSERTIONS = NO;
				ENABLE_STRICT_OBJC_MSGSEND = YES;
				GCC_C_LANGUAGE_STANDARD = gnu99;
				GCC_NO_COMMON_BLOCKS = YES;
				GCC_WARN_64_TO_32_BIT_CONVERSION = YES;
				GCC_WARN_ABOUT_RETURN_TYPE = YES_ERROR;
				GCC_WARN_UNDECLARED_SELECTOR = YES;
				GCC_WARN_UNINITIALIZED_AUTOS = YES_AGGRESSIVE;
				GCC_WARN_UNUSED_FUNCTION = YES;
				GCC_WARN_UNUSED_VARIABLE = YES;
				IPHONEOS_DEPLOYMENT_TARGET = 10.2;
				MTL_ENABLE_DEBUG_INFO = NO;
				SDKROOT = iphoneos;
				SWIFT_OPTIMIZATION_LEVEL = "-Owholemodule";
				TARGETED_DEVICE_FAMILY = "1,2";
				VALIDATE_PRODUCT = YES;
			};
			name = Release;
		};
		7F7C73C11F560CAB00C254A8 /* Debug */ = {
			isa = XCBuildConfiguration;
			buildSettings = {
				ASSETCATALOG_COMPILER_APPICON_NAME = AppIcon;
				INFOPLIST_FILE = MiraclePills/Info.plist;
				LD_RUNPATH_SEARCH_PATHS = "$(inherited) @executable_path/Frameworks";
				PRODUCT_BUNDLE_IDENTIFIER = com.devslopes.MiraclePills;
				PRODUCT_NAME = "$(TARGET_NAME)";
				SWIFT_VERSION = 3.0;
			};
			name = Debug;
		};
		7F7C73C21F560CAB00C254A8 /* Release */ = {
			isa = XCBuildConfiguration;
			buildSettings = {
				ASSETCATALOG_COMPILER_APPICON_NAME = AppIcon;
				INFOPLIST_FILE = MiraclePills/Info.plist;
				LD_RUNPATH_SEARCH_PATHS = "$(inherited) @executable_path/Frameworks";
				PRODUCT_BUNDLE_IDENTIFIER = com.devslopes.MiraclePills;
				PRODUCT_NAME = "$(TARGET_NAME)";
				SWIFT_VERSION = 3.0;
			};
			name = Release;
		};
		7F7C73C41F560CAB00C254A8 /* Debug */ = {
			isa = XCBuildConfiguration;
			buildSettings = {
				ALWAYS_EMBED_SWIFT_STANDARD_LIBRARIES = YES;
				BUNDLE_LOADER = "$(TEST_HOST)";
				INFOPLIST_FILE = MiraclePillsTests/Info.plist;
				LD_RUNPATH_SEARCH_PATHS = "$(inherited) @executable_path/Frameworks @loader_path/Frameworks";
				PRODUCT_BUNDLE_IDENTIFIER = com.devslopes.MiraclePillsTests;
				PRODUCT_NAME = "$(TARGET_NAME)";
				SWIFT_VERSION = 3.0;
				TEST_HOST = "$(BUILT_PRODUCTS_DIR)/MiraclePills.app/MiraclePills";
			};
			name = Debug;
		};
		7F7C73C51F560CAB00C254A8 /* Release */ = {
			isa = XCBuildConfiguration;
			buildSettings = {
				ALWAYS_EMBED_SWIFT_STANDARD_LIBRARIES = YES;
				BUNDLE_LOADER = "$(TEST_HOST)";
				INFOPLIST_FILE = MiraclePillsTests/Info.plist;
				LD_RUNPATH_SEARCH_PATHS = "$(inherited) @executable_path/Frameworks @loader_path/Frameworks";
				PRODUCT_BUNDLE_IDENTIFIER = com.devslopes.MiraclePillsTests;
				PRODUCT_NAME = "$(TARGET_NAME)";
				SWIFT_VERSION = 3.0;
				TEST_HOST = "$(BUILT_PRODUCTS_DIR)/MiraclePills.app/MiraclePills";
			};
			name = Release;
		};
		7F7C73C71F560CAB00C254A8 /* Debug */ = {
			isa = XCBuildConfiguration;
			buildSettings = {
				ALWAYS_EMBED_SWIFT_STANDARD_LIBRARIES = YES;
				INFOPLIST_FILE = MiraclePillsUITests/Info.plist;
				LD_RUNPATH_SEARCH_PATHS = "$(inherited) @executable_path/Frameworks @loader_path/Frameworks";
				PRODUCT_BUNDLE_IDENTIFIER = com.devslopes.MiraclePillsUITests;
				PRODUCT_NAME = "$(TARGET_NAME)";
				SWIFT_VERSION = 3.0;
				TEST_TARGET_NAME = MiraclePills;
			};
			name = Debug;
		};
		7F7C73C81F560CAB00C254A8 /* Release */ = {
			isa = XCBuildConfiguration;
			buildSettings = {
				ALWAYS_EMBED_SWIFT_STANDARD_LIBRARIES = YES;
				INFOPLIST_FILE = MiraclePillsUITests/Info.plist;
				LD_RUNPATH_SEARCH_PATHS = "$(inherited) @executable_path/Frameworks @loader_path/Frameworks";
				PRODUCT_BUNDLE_IDENTIFIER = com.devslopes.MiraclePillsUITests;
				PRODUCT_NAME = "$(TARGET_NAME)";
				SWIFT_VERSION = 3.0;
				TEST_TARGET_NAME = MiraclePills;
			};
			name = Release;
		};
/* End XCBuildConfiguration section */

/* Begin XCConfigurationList section */
		7F7C73931F560CAB00C254A8 /* Build configuration list for PBXProject "MiraclePills" */ = {
			isa = XCConfigurationList;
			buildConfigurations = (
				7F7C73BE1F560CAB00C254A8 /* Debug */,
				7F7C73BF1F560CAB00C254A8 /* Release */,
			);
			defaultConfigurationIsVisible = 0;
			defaultConfigurationName = Release;
		};
		7F7C73C01F560CAB00C254A8 /* Build configuration list for PBXNativeTarget "MiraclePills" */ = {
			isa = XCConfigurationList;
			buildConfigurations = (
				7F7C73C11F560CAB00C254A8 /* Debug */,
				7F7C73C21F560CAB00C254A8 /* Release */,
			);
			defaultConfigurationIsVisible = 0;
		};
		7F7C73C31F560CAB00C254A8 /* Build configuration list for PBXNativeTarget "MiraclePillsTests" */ = {
			isa = XCConfigurationList;
			buildConfigurations = (
				7F7C73C41F560CAB00C254A8 /* Debug */,
				7F7C73C51F560CAB00C254A8 /* Release */,
			);
			defaultConfigurationIsVisible = 0;
		};
		7F7C73C61F560CAB00C254A8 /* Build configuration list for PBXNativeTarget "MiraclePillsUITests" */ = {
			isa = XCConfigurationList;
			buildConfigurations = (
				7F7C73C71F560CAB00C254A8 /* Debug */,
				7F7C73C81F560CAB00C254A8 /* Release */,
			);
			defaultConfigurationIsVisible = 0;
		};
/* End XCConfigurationList section */
	};
	rootObject = 7F7C73901F560CAB00C254A8 /* Project object */;
}
