// !$*UTF8*$!
{
	archiveVersion = 1;
	classes = {
	};
	objectVersion = 46;
	objects = {

/* Begin PBXBuildFile section */
		7F728D1C1F585C1400EA7100 /* AppDelegate.swift in Sources */ = {isa = PBXBuildFile; fileRef = 7F728D1B1F585C1400EA7100 /* AppDelegate.swift */; };
		7F728D1E1F585C1400EA7100 /* ViewController.swift in Sources */ = {isa = PBXBuildFile; fileRef = 7F728D1D1F585C1400EA7100 /* ViewController.swift */; };
		7F728D211F585C1400EA7100 /* Main.storyboard in Resources */ = {isa = PBXBuildFile; fileRef = 7F728D1F1F585C1400EA7100 /* Main.storyboard */; };
		7F728D231F585C1400EA7100 /* Assets.xcassets in Resources */ = {isa = PBXBuildFile; fileRef = 7F728D221F585C1400EA7100 /* Assets.xcassets */; };
		7F728D261F585C1400EA7100 /* LaunchScreen.storyboard in Resources */ = {isa = PBXBuildFile; fileRef = 7F728D241F585C1400EA7100 /* LaunchScreen.storyboard */; };
		7F728D311F585C1400EA7100 /* PageTheScrollTests.swift in Sources */ = {isa = PBXBuildFile; fileRef = 7F728D301F585C1400EA7100 /* PageTheScrollTests.swift */; };
		7F728D3C1F585C1400EA7100 /* PageTheScrollUITests.swift in Sources */ = {isa = PBXBuildFile; fileRef = 7F728D3B1F585C1400EA7100 /* PageTheScrollUITests.swift */; };
/* End PBXBuildFile section */

/* Begin PBXContainerItemProxy section */
		7F728D2D1F585C1400EA7100 /* PBXContainerItemProxy */ = {
			isa = PBXContainerItemProxy;
			containerPortal = 7F728D101F585C1400EA7100 /* Project object */;
			proxyType = 1;
			remoteGlobalIDString = 7F728D171F585C1400EA7100;
			remoteInfo = PageTheScroll;
		};
		7F728D381F585C1400EA7100 /* PBXContainerItemProxy */ = {
			isa = PBXContainerItemProxy;
			containerPortal = 7F728D101F585C1400EA7100 /* Project object */;
			proxyType = 1;
			remoteGlobalIDString = 7F728D171F585C1400EA7100;
			remoteInfo = PageTheScroll;
		};
/* End PBXContainerItemProxy section */

/* Begin PBXFileReference section */
		7F728D181F585C1400EA7100 /* PageTheScroll.app */ = {isa = PBXFileReference; explicitFileType = wrapper.application; includeInIndex = 0; path = PageTheScroll.app; sourceTree = BUILT_PRODUCTS_DIR; };
		7F728D1B1F585C1400EA7100 /* AppDelegate.swift */ = {isa = PBXFileReference; lastKnownFileType = sourcecode.swift; path = AppDelegate.swift; sourceTree = "<group>"; };
		7F728D1D1F585C1400EA7100 /* ViewController.swift */ = {isa = PBXFileReference; lastKnownFileType = sourcecode.swift; path = ViewController.swift; sourceTree = "<group>"; };
		7F728D201F585C1400EA7100 /* Base */ = {isa = PBXFileReference; lastKnownFileType = file.storyboard; name = Base; path = Base.lproj/Main.storyboard; sourceTree = "<group>"; };
		7F728D221F585C1400EA7100 /* Assets.xcassets */ = {isa = PBXFileReference; lastKnownFileType = folder.assetcatalog; path = Assets.xcassets; sourceTree = "<group>"; };
		7F728D251F585C1400EA7100 /* Base */ = {isa = PBXFileReference; lastKnownFileType = file.storyboard; name = Base; path = Base.lproj/LaunchScreen.storyboard; sourceTree = "<group>"; };
		7F728D271F585C1400EA7100 /* Info.plist */ = {isa = PBXFileReference; lastKnownFileType = text.plist.xml; path = Info.plist; sourceTree = "<group>"; };
		7F728D2C1F585C1400EA7100 /* PageTheScrollTests.xctest */ = {isa = PBXFileReference; explicitFileType = wrapper.cfbundle; includeInIndex = 0; path = PageTheScrollTests.xctest; sourceTree = BUILT_PRODUCTS_DIR; };
		7F728D301F585C1400EA7100 /* PageTheScrollTests.swift */ = {isa = PBXFileReference; lastKnownFileType = sourcecode.swift; path = PageTheScrollTests.swift; sourceTree = "<group>"; };
		7F728D321F585C1400EA7100 /* Info.plist */ = {isa = PBXFileReference; lastKnownFileType = text.plist.xml; path = Info.plist; sourceTree = "<group>"; };
		7F728D371F585C1400EA7100 /* PageTheScrollUITests.xctest */ = {isa = PBXFileReference; explicitFileType = wrapper.cfbundle; includeInIndex = 0; path = PageTheScrollUITests.xctest; sourceTree = BUILT_PRODUCTS_DIR; };
		7F728D3B1F585C1400EA7100 /* PageTheScrollUITests.swift */ = {isa = PBXFileReference; lastKnownFileType = sourcecode.swift; path = PageTheScrollUITests.swift; sourceTree = "<group>"; };
		7F728D3D1F585C1400EA7100 /* Info.plist */ = {isa = PBXFileReference; lastKnownFileType = text.plist.xml; path = Info.plist; sourceTree = "<group>"; };
/* End PBXFileReference section */

/* Begin PBXFrameworksBuildPhase section */
		7F728D151F585C1400EA7100 /* Frameworks */ = {
			isa = PBXFrameworksBuildPhase;
			buildActionMask = 2147483647;
			files = (
			);
			runOnlyForDeploymentPostprocessing = 0;
		};
		7F728D291F585C1400EA7100 /* Frameworks */ = {
			isa = PBXFrameworksBuildPhase;
			buildActionMask = 2147483647;
			files = (
			);
			runOnlyForDeploymentPostprocessing = 0;
		};
		7F728D341F585C1400EA7100 /* Frameworks */ = {
			isa = PBXFrameworksBuildPhase;
			buildActionMask = 2147483647;
			files = (
			);
			runOnlyForDeploymentPostprocessing = 0;
		};
/* End PBXFrameworksBuildPhase section */

/* Begin PBXGroup section */
		7F728D0F1F585C1400EA7100 = {
			isa = PBXGroup;
			children = (
				7F728D1A1F585C1400EA7100 /* PageTheScroll */,
				7F728D2F1F585C1400EA7100 /* PageTheScrollTests */,
				7F728D3A1F585C1400EA7100 /* PageTheScrollUITests */,
				7F728D191F585C1400EA7100 /* Products */,
			);
			sourceTree = "<group>";
		};
		7F728D191F585C1400EA7100 /* Products */ = {
			isa = PBXGroup;
			children = (
				7F728D181F585C1400EA7100 /* PageTheScroll.app */,
				7F728D2C1F585C1400EA7100 /* PageTheScrollTests.xctest */,
				7F728D371F585C1400EA7100 /* PageTheScrollUITests.xctest */,
			);
			name = Products;
			sourceTree = "<group>";
		};
		7F728D1A1F585C1400EA7100 /* PageTheScroll */ = {
			isa = PBXGroup;
			children = (
				7F728D1B1F585C1400EA7100 /* AppDelegate.swift */,
				7F728D1D1F585C1400EA7100 /* ViewController.swift */,
				7F728D1F1F585C1400EA7100 /* Main.storyboard */,
				7F728D221F585C1400EA7100 /* Assets.xcassets */,
				7F728D241F585C1400EA7100 /* LaunchScreen.storyboard */,
				7F728D271F585C1400EA7100 /* Info.plist */,
			);
			path = PageTheScroll;
			sourceTree = "<group>";
		};
		7F728D2F1F585C1400EA7100 /* PageTheScrollTests */ = {
			isa = PBXGroup;
			children = (
				7F728D301F585C1400EA7100 /* PageTheScrollTests.swift */,
				7F728D321F585C1400EA7100 /* Info.plist */,
			);
			path = PageTheScrollTests;
			sourceTree = "<group>";
		};
		7F728D3A1F585C1400EA7100 /* PageTheScrollUITests */ = {
			isa = PBXGroup;
			children = (
				7F728D3B1F585C1400EA7100 /* PageTheScrollUITests.swift */,
				7F728D3D1F585C1400EA7100 /* Info.plist */,
			);
			path = PageTheScrollUITests;
			sourceTree = "<group>";
		};
/* End PBXGroup section */

/* Begin PBXNativeTarget section */
		7F728D171F585C1400EA7100 /* PageTheScroll */ = {
			isa = PBXNativeTarget;
			buildConfigurationList = 7F728D401F585C1400EA7100 /* Build configuration list for PBXNativeTarget "PageTheScroll" */;
			buildPhases = (
				7F728D141F585C1400EA7100 /* Sources */,
				7F728D151F585C1400EA7100 /* Frameworks */,
				7F728D161F585C1400EA7100 /* Resources */,
			);
			buildRules = (
			);
			dependencies = (
			);
			name = PageTheScroll;
			productName = PageTheScroll;
			productReference = 7F728D181F585C1400EA7100 /* PageTheScroll.app */;
			productType = "com.apple.product-type.application";
		};
		7F728D2B1F585C1400EA7100 /* PageTheScrollTests */ = {
			isa = PBXNativeTarget;
			buildConfigurationList = 7F728D431F585C1400EA7100 /* Build configuration list for PBXNativeTarget "PageTheScrollTests" */;
			buildPhases = (
				7F728D281F585C1400EA7100 /* Sources */,
				7F728D291F585C1400EA7100 /* Frameworks */,
				7F728D2A1F585C1400EA7100 /* Resources */,
			);
			buildRules = (
			);
			dependencies = (
				7F728D2E1F585C1400EA7100 /* PBXTargetDependency */,
			);
			name = PageTheScrollTests;
			productName = PageTheScrollTests;
			productReference = 7F728D2C1F585C1400EA7100 /* PageTheScrollTests.xctest */;
			productType = "com.apple.product-type.bundle.unit-test";
		};
		7F728D361F585C1400EA7100 /* PageTheScrollUITests */ = {
			isa = PBXNativeTarget;
			buildConfigurationList = 7F728D461F585C1400EA7100 /* Build configuration list for PBXNativeTarget "PageTheScrollUITests" */;
			buildPhases = (
				7F728D331F585C1400EA7100 /* Sources */,
				7F728D341F585C1400EA7100 /* Frameworks */,
				7F728D351F585C1400EA7100 /* Resources */,
			);
			buildRules = (
			);
			dependencies = (
				7F728D391F585C1400EA7100 /* PBXTargetDependency */,
			);
			name = PageTheScrollUITests;
			productName = PageTheScrollUITests;
			productReference = 7F728D371F585C1400EA7100 /* PageTheScrollUITests.xctest */;
			productType = "com.apple.product-type.bundle.ui-testing";
		};
/* End PBXNativeTarget section */

/* Begin PBXProject section */
		7F728D101F585C1400EA7100 /* Project object */ = {
			isa = PBXProject;
			attributes = {
				LastSwiftUpdateCheck = 0820;
				LastUpgradeCheck = 0820;
				ORGANIZATIONNAME = Devslopes;
				TargetAttributes = {
					7F728D171F585C1400EA7100 = {
						CreatedOnToolsVersion = 8.2.1;
						ProvisioningStyle = Automatic;
					};
					7F728D2B1F585C1400EA7100 = {
						CreatedOnToolsVersion = 8.2.1;
						ProvisioningStyle = Automatic;
						TestTargetID = 7F728D171F585C1400EA7100;
					};
					7F728D361F585C1400EA7100 = {
						CreatedOnToolsVersion = 8.2.1;
						ProvisioningStyle = Automatic;
						TestTargetID = 7F728D171F585C1400EA7100;
					};
				};
			};
			buildConfigurationList = 7F728D131F585C1400EA7100 /* Build configuration list for PBXProject "PageTheScroll" */;
			compatibilityVersion = "Xcode 3.2";
			developmentRegion = English;
			hasScannedForEncodings = 0;
			knownRegions = (
				en,
				Base,
			);
			mainGroup = 7F728D0F1F585C1400EA7100;
			productRefGroup = 7F728D191F585C1400EA7100 /* Products */;
			projectDirPath = "";
			projectRoot = "";
			targets = (
				7F728D171F585C1400EA7100 /* PageTheScroll */,
				7F728D2B1F585C1400EA7100 /* PageTheScrollTests */,
				7F728D361F585C1400EA7100 /* PageTheScrollUITests */,
			);
		};
/* End PBXProject section */

/* Begin PBXResourcesBuildPhase section */
		7F728D161F585C1400EA7100 /* Resources */ = {
			isa = PBXResourcesBuildPhase;
			buildActionMask = 2147483647;
			files = (
				7F728D261F585C1400EA7100 /* LaunchScreen.storyboard in Resources */,
				7F728D231F585C1400EA7100 /* Assets.xcassets in Resources */,
				7F728D211F585C1400EA7100 /* Main.storyboard in Resources */,
			);
			runOnlyForDeploymentPostprocessing = 0;
		};
		7F728D2A1F585C1400EA7100 /* Resources */ = {
			isa = PBXResourcesBuildPhase;
			buildActionMask = 2147483647;
			files = (
			);
			runOnlyForDeploymentPostprocessing = 0;
		};
		7F728D351F585C1400EA7100 /* Resources */ = {
			isa = PBXResourcesBuildPhase;
			buildActionMask = 2147483647;
			files = (
			);
			runOnlyForDeploymentPostprocessing = 0;
		};
/* End PBXResourcesBuildPhase section */

/* Begin PBXSourcesBuildPhase section */
		7F728D141F585C1400EA7100 /* Sources */ = {
			isa = PBXSourcesBuildPhase;
			buildActionMask = 2147483647;
			files = (
				7F728D1E1F585C1400EA7100 /* ViewController.swift in Sources */,
				7F728D1C1F585C1400EA7100 /* AppDelegate.swift in Sources */,
			);
			runOnlyForDeploymentPostprocessing = 0;
		};
		7F728D281F585C1400EA7100 /* Sources */ = {
			isa = PBXSourcesBuildPhase;
			buildActionMask = 2147483647;
			files = (
				7F728D311F585C1400EA7100 /* PageTheScrollTests.swift in Sources */,
			);
			runOnlyForDeploymentPostprocessing = 0;
		};
		7F728D331F585C1400EA7100 /* Sources */ = {
			isa = PBXSourcesBuildPhase;
			buildActionMask = 2147483647;
			files = (
				7F728D3C1F585C1400EA7100 /* PageTheScrollUITests.swift in Sources */,
			);
			runOnlyForDeploymentPostprocessing = 0;
		};
/* End PBXSourcesBuildPhase section */

/* Begin PBXTargetDependency section */
		7F728D2E1F585C1400EA7100 /* PBXTargetDependency */ = {
			isa = PBXTargetDependency;
			target = 7F728D171F585C1400EA7100 /* PageTheScroll */;
			targetProxy = 7F728D2D1F585C1400EA7100 /* PBXContainerItemProxy */;
		};
		7F728D391F585C1400EA7100 /* PBXTargetDependency */ = {
			isa = PBXTargetDependency;
			target = 7F728D171F585C1400EA7100 /* PageTheScroll */;
			targetProxy = 7F728D381F585C1400EA7100 /* PBXContainerItemProxy */;
		};
/* End PBXTargetDependency section */

/* Begin PBXVariantGroup section */
		7F728D1F1F585C1400EA7100 /* Main.storyboard */ = {
			isa = PBXVariantGroup;
			children = (
				7F728D201F585C1400EA7100 /* Base */,
			);
			name = Main.storyboard;
			sourceTree = "<group>";
		};
		7F728D241F585C1400EA7100 /* LaunchScreen.storyboard */ = {
			isa = PBXVariantGroup;
			children = (
				7F728D251F585C1400EA7100 /* Base */,
			);
			name = LaunchScreen.storyboard;
			sourceTree = "<group>";
		};
/* End PBXVariantGroup section */

/* Begin XCBuildConfiguration section */
		7F728D3E1F585C1400EA7100 /* Debug */ = {
			isa = XCBuildConfiguration;
			buildSettings = {
				ALWAYS_SEARCH_USER_PATHS = NO;
				CLANG_ANALYZER_NONNULL = YES;
				CLANG_CXX_LANGUAGE_STANDARD = "gnu++0x";
				CLANG_CXX_LIBRARY = "libc++";
				CLANG_ENABLE_MODULES = YES;
				CLANG_ENABLE_OBJC_ARC = YES;
				CLANG_WARN_BOOL_CONVERSION = YES;
				CLANG_WARN_CONSTANT_CONVERSION = YES;
				CLANG_WARN_DIRECT_OBJC_ISA_USAGE = YES_ERROR;
				CLANG_WARN_DOCUMENTATION_COMMENTS = YES;
				CLANG_WARN_EMPTY_BODY = YES;
				CLANG_WARN_ENUM_CONVERSION = YES;
				CLANG_WARN_INFINITE_RECURSION = YES;
				CLANG_WARN_INT_CONVERSION = YES;
				CLANG_WARN_OBJC_ROOT_CLASS = YES_ERROR;
				CLANG_WARN_SUSPICIOUS_MOVE = YES;
				CLANG_WARN_UNREACHABLE_CODE = YES;
				CLANG_WARN__DUPLICATE_METHOD_MATCH = YES;
				"CODE_SIGN_IDENTITY[sdk=iphoneos*]" = "iPhone Developer";
				COPY_PHASE_STRIP = NO;
				DEBUG_INFORMATION_FORMAT = dwarf;
				ENABLE_STRICT_OBJC_MSGSEND = YES;
				ENABLE_TESTABILITY = YES;
				GCC_C_LANGUAGE_STANDARD = gnu99;
				GCC_DYNAMIC_NO_PIC = NO;
				GCC_NO_COMMON_BLOCKS = YES;
				GCC_OPTIMIZATION_LEVEL = 0;
				GCC_PREPROCESSOR_DEFINITIONS = (
					"DEBUG=1",
					"$(inherited)",
				);
				GCC_WARN_64_TO_32_BIT_CONVERSION = YES;
				GCC_WARN_ABOUT_RETURN_TYPE = YES_ERROR;
				GCC_WARN_UNDECLARED_SELECTOR = YES;
				GCC_WARN_UNINITIALIZED_AUTOS = YES_AGGRESSIVE;
				GCC_WARN_UNUSED_FUNCTION = YES;
				GCC_WARN_UNUSED_VARIABLE = YES;
				IPHONEOS_DEPLOYMENT_TARGET = 10.2;
				MTL_ENABLE_DEBUG_INFO = YES;
				ONLY_ACTIVE_ARCH = YES;
				SDKROOT = iphoneos;
				SWIFT_ACTIVE_COMPILATION_CONDITIONS = DEBUG;
				SWIFT_OPTIMIZATION_LEVEL = "-Onone";
				TARGETED_DEVICE_FAMILY = "1,2";
			};
			name = Debug;
		};
		7F728D3F1F585C1400EA7100 /* Release */ = {
			isa = XCBuildConfiguration;
			buildSettings = {
				ALWAYS_SEARCH_USER_PATHS = NO;
				CLANG_ANALYZER_NONNULL = YES;
				CLANG_CXX_LANGUAGE_STANDARD = "gnu++0x";
				CLANG_CXX_LIBRARY = "libc++";
				CLANG_ENABLE_MODULES = YES;
				CLANG_ENABLE_OBJC_ARC = YES;
				CLANG_WARN_BOOL_CONVERSION = YES;
				CLANG_WARN_CONSTANT_CONVERSION = YES;
				CLANG_WARN_DIRECT_OBJC_ISA_USAGE = YES_ERROR;
				CLANG_WARN_DOCUMENTATION_COMMENTS = YES;
				CLANG_WARN_EMPTY_BODY = YES;
				CLANG_WARN_ENUM_CONVERSION = YES;
				CLANG_WARN_INFINITE_RECURSION = YES;
				CLANG_WARN_INT_CONVERSION = YES;
				CLANG_WARN_OBJC_ROOT_CLASS = YES_ERROR;
				CLANG_WARN_SUSPICIOUS_MOVE = YES;
				CLANG_WARN_UNREACHABLE_CODE = YES;
				CLANG_WARN__DUPLICATE_METHOD_MATCH = YES;
				"CODE_SIGN_IDENTITY[sdk=iphoneos*]" = "iPhone Developer";
				COPY_PHASE_STRIP = NO;
				DEBUG_INFORMATION_FORMAT = "dwarf-with-dsym";
				ENABLE_NS_ASSERTIONS = NO;
				ENABLE_STRICT_OBJC_MSGSEND = YES;
				GCC_C_LANGUAGE_STANDARD = gnu99;
				GCC_NO_COMMON_BLOCKS = YES;
				GCC_WARN_64_TO_32_BIT_CONVERSION = YES;
				GCC_WARN_ABOUT_RETURN_TYPE = YES_ERROR;
				GCC_WARN_UNDECLARED_SELECTOR = YES;
				GCC_WARN_UNINITIALIZED_AUTOS = YES_AGGRESSIVE;
				GCC_WARN_UNUSED_FUNCTION = YES;
				GCC_WARN_UNUSED_VARIABLE = YES;
				IPHONEOS_DEPLOYMENT_TARGET = 10.2;
				MTL_ENABLE_DEBUG_INFO = NO;
				SDKROOT = iphoneos;
				SWIFT_OPTIMIZATION_LEVEL = "-Owholemodule";
				TARGETED_DEVICE_FAMILY = "1,2";
				VALIDATE_PRODUCT = YES;
			};
			name = Release;
		};
		7F728D411F585C1400EA7100 /* Debug */ = {
			isa = XCBuildConfiguration;
			buildSettings = {
				ASSETCATALOG_COMPILER_APPICON_NAME = AppIcon;
				INFOPLIST_FILE = PageTheScroll/Info.plist;
				LD_RUNPATH_SEARCH_PATHS = "$(inherited) @executable_path/Frameworks";
				PRODUCT_BUNDLE_IDENTIFIER = com.devslopes.PageTheScroll;
				PRODUCT_NAME = "$(TARGET_NAME)";
				SWIFT_VERSION = 3.0;
			};
			name = Debug;
		};
		7F728D421F585C1400EA7100 /* Release */ = {
			isa = XCBuildConfiguration;
			buildSettings = {
				ASSETCATALOG_COMPILER_APPICON_NAME = AppIcon;
				INFOPLIST_FILE = PageTheScroll/Info.plist;
				LD_RUNPATH_SEARCH_PATHS = "$(inherited) @executable_path/Frameworks";
				PRODUCT_BUNDLE_IDENTIFIER = com.devslopes.PageTheScroll;
				PRODUCT_NAME = "$(TARGET_NAME)";
				SWIFT_VERSION = 3.0;
			};
			name = Release;
		};
		7F728D441F585C1400EA7100 /* Debug */ = {
			isa = XCBuildConfiguration;
			buildSettings = {
				ALWAYS_EMBED_SWIFT_STANDARD_LIBRARIES = YES;
				BUNDLE_LOADER = "$(TEST_HOST)";
				INFOPLIST_FILE = PageTheScrollTests/Info.plist;
				LD_RUNPATH_SEARCH_PATHS = "$(inherited) @executable_path/Frameworks @loader_path/Frameworks";
				PRODUCT_BUNDLE_IDENTIFIER = com.devslopes.PageTheScrollTests;
				PRODUCT_NAME = "$(TARGET_NAME)";
				SWIFT_VERSION = 3.0;
				TEST_HOST = "$(BUILT_PRODUCTS_DIR)/PageTheScroll.app/PageTheScroll";
			};
			name = Debug;
		};
		7F728D451F585C1400EA7100 /* Release */ = {
			isa = XCBuildConfiguration;
			buildSettings = {
				ALWAYS_EMBED_SWIFT_STANDARD_LIBRARIES = YES;
				BUNDLE_LOADER = "$(TEST_HOST)";
				INFOPLIST_FILE = PageTheScrollTests/Info.plist;
				LD_RUNPATH_SEARCH_PATHS = "$(inherited) @executable_path/Frameworks @loader_path/Frameworks";
				PRODUCT_BUNDLE_IDENTIFIER = com.devslopes.PageTheScrollTests;
				PRODUCT_NAME = "$(TARGET_NAME)";
				SWIFT_VERSION = 3.0;
				TEST_HOST = "$(BUILT_PRODUCTS_DIR)/PageTheScroll.app/PageTheScroll";
			};
			name = Release;
		};
		7F728D471F585C1400EA7100 /* Debug */ = {
			isa = XCBuildConfiguration;
			buildSettings = {
				ALWAYS_EMBED_SWIFT_STANDARD_LIBRARIES = YES;
				INFOPLIST_FILE = PageTheScrollUITests/Info.plist;
				LD_RUNPATH_SEARCH_PATHS = "$(inherited) @executable_path/Frameworks @loader_path/Frameworks";
				PRODUCT_BUNDLE_IDENTIFIER = com.devslopes.PageTheScrollUITests;
				PRODUCT_NAME = "$(TARGET_NAME)";
				SWIFT_VERSION = 3.0;
				TEST_TARGET_NAME = PageTheScroll;
			};
			name = Debug;
		};
		7F728D481F585C1400EA7100 /* Release */ = {
			isa = XCBuildConfiguration;
			buildSettings = {
				ALWAYS_EMBED_SWIFT_STANDARD_LIBRARIES = YES;
				INFOPLIST_FILE = PageTheScrollUITests/Info.plist;
				LD_RUNPATH_SEARCH_PATHS = "$(inherited) @executable_path/Frameworks @loader_path/Frameworks";
				PRODUCT_BUNDLE_IDENTIFIER = com.devslopes.PageTheScrollUITests;
				PRODUCT_NAME = "$(TARGET_NAME)";
				SWIFT_VERSION = 3.0;
				TEST_TARGET_NAME = PageTheScroll;
			};
			name = Release;
		};
/* End XCBuildConfiguration section */

/* Begin XCConfigurationList section */
		7F728D131F585C1400EA7100 /* Build configuration list for PBXProject "PageTheScroll" */ = {
			isa = XCConfigurationList;
			buildConfigurations = (
				7F728D3E1F585C1400EA7100 /* Debug */,
				7F728D3F1F585C1400EA7100 /* Release */,
			);
			defaultConfigurationIsVisible = 0;
			defaultConfigurationName = Release;
		};
		7F728D401F585C1400EA7100 /* Build configuration list for PBXNativeTarget "PageTheScroll" */ = {
			isa = XCConfigurationList;
			buildConfigurations = (
				7F728D411F585C1400EA7100 /* Debug */,
				7F728D421F585C1400EA7100 /* Release */,
			);
			defaultConfigurationIsVisible = 0;
		};
		7F728D431F585C1400EA7100 /* Build configuration list for PBXNativeTarget "PageTheScrollTests" */ = {
			isa = XCConfigurationList;
			buildConfigurations = (
				7F728D441F585C1400EA7100 /* Debug */,
				7F728D451F585C1400EA7100 /* Release */,
			);
			defaultConfigurationIsVisible = 0;
		};
		7F728D461F585C1400EA7100 /* Build configuration list for PBXNativeTarget "PageTheScrollUITests" */ = {
			isa = XCConfigurationList;
			buildConfigurations = (
				7F728D471F585C1400EA7100 /* Debug */,
				7F728D481F585C1400EA7100 /* Release */,
			);
			defaultConfigurationIsVisible = 0;
		};
/* End XCConfigurationList section */
	};
	rootObject = 7F728D101F585C1400EA7100 /* Project object */;
}
